
Microsoft Visual Studio Solution File, Format Version 12.00
# Visual Studio Version 17
VisualStudioVersion = 17.9.34701.34
MinimumVisualStudioVersion = 10.0.40219.1
Project("{9A19103F-16F7-4668-BE54-9A1E7A4F7556}") = "Backend", "Backend\Backend.csproj", "{BCB735E8-FF99-4CFB-AB50-06C08BE6775A}"
EndProject
Project("{FAE04EC0-301F-11D3-BF4B-00C04F79EFBC}") = "DAL", "DAL\DAL.csproj", "{E1B12ADE-53A3-4B44-A829-1A26AB572F31}"
EndProject
Project("{FAE04EC0-301F-11D3-BF4B-00C04F79EFBC}") = "Domain", "Domain\Domain.csproj", "{8A02597C-5E37-44E6-AAEC-BF7091599F3C}"
EndProject
Project("{FAE04EC0-301F-11D3-BF4B-00C04F79EFBC}") = "Interface", "Interface\Interface.csproj", "{A4C89005-229B-401C-A604-365503592BDD}"
EndProject
Project("{FAE04EC0-301F-11D3-BF4B-00C04F79EFBC}") = "TestProject", "TestProject\TestProject.csproj", "{93090844-A1BE-486F-8D47-51598A208840}"
EndProject
Global
	GlobalSection(SolutionConfigurationPlatforms) = preSolution
		Debug|Any CPU = Debug|Any CPU
		Release|Any CPU = Release|Any CPU
	EndGlobalSection
	GlobalSection(ProjectConfigurationPlatforms) = postSolution
		{BCB735E8-FF99-4CFB-AB50-06C08BE6775A}.Debug|Any CPU.ActiveCfg = Debug|Any CPU
		{BCB735E8-FF99-4CFB-AB50-06C08BE6775A}.Debug|Any CPU.Build.0 = Debug|Any CPU
		{BCB735E8-FF99-4CFB-AB50-06C08BE6775A}.Release|Any CPU.ActiveCfg = Release|Any CPU
		{BCB735E8-FF99-4CFB-AB50-06C08BE6775A}.Release|Any CPU.Build.0 = Release|Any CPU
		{E1B12ADE-53A3-4B44-A829-1A26AB572F31}.Debug|Any CPU.ActiveCfg = Debug|Any CPU
		{E1B12ADE-53A3-4B44-A829-1A26AB572F31}.Debug|Any CPU.Build.0 = Debug|Any CPU
		{E1B12ADE-53A3-4B44-A829-1A26AB572F31}.Release|Any CPU.ActiveCfg = Release|Any CPU
		{E1B12ADE-53A3-4B44-A829-1A26AB572F31}.Release|Any CPU.Build.0 = Release|Any CPU
		{8A02597C-5E37-44E6-AAEC-BF7091599F3C}.Debug|Any CPU.ActiveCfg = Debug|Any CPU
		{8A02597C-5E37-44E6-AAEC-BF7091599F3C}.Debug|Any CPU.Build.0 = Debug|Any CPU
		{8A02597C-5E37-44E6-AAEC-BF7091599F3C}.Release|Any CPU.ActiveCfg = Release|Any CPU
		{8A02597C-5E37-44E6-AAEC-BF7091599F3C}.Release|Any CPU.Build.0 = Release|Any CPU
		{A4C89005-229B-401C-A604-365503592BDD}.Debug|Any CPU.ActiveCfg = Debug|Any CPU
		{A4C89005-229B-401C-A604-365503592BDD}.Debug|Any CPU.Build.0 = Debug|Any CPU
		{A4C89005-229B-401C-A604-365503592BDD}.Release|Any CPU.ActiveCfg = Release|Any CPU
		{A4C89005-229B-401C-A604-365503592BDD}.Release|Any CPU.Build.0 = Release|Any CPU
		{93090844-A1BE-486F-8D47-51598A208840}.Debug|Any CPU.ActiveCfg = Debug|Any CPU
		{93090844-A1BE-486F-8D47-51598A208840}.Debug|Any CPU.Build.0 = Debug|Any CPU
		{93090844-A1BE-486F-8D47-51598A208840}.Release|Any CPU.ActiveCfg = Release|Any CPU
		{93090844-A1BE-486F-8D47-51598A208840}.Release|Any CPU.Build.0 = Release|Any CPU
	EndGlobalSection
	GlobalSection(SolutionProperties) = preSolution
		HideSolutionNode = FALSE
	EndGlobalSection
	GlobalSection(ExtensibilityGlobals) = postSolution
		SolutionGuid = {54301FC9-D786-4B17-AA7A-AEF39A72C960}
	EndGlobalSection
EndGlobal
